// !$*UTF8*$!
{
	archiveVersion = 1;
	classes = {
	};
	objectVersion = 55;
	objects = {

/* Begin PBXBuildFile section */
		F883D92C272C9B7C0076409D /* Tests_iOS.swift in Sources */ = {isa = PBXBuildFile; fileRef = F883D92B272C9B7C0076409D /* Tests_iOS.swift */; };
		F883D92E272C9B7C0076409D /* Tests_iOSLaunchTests.swift in Sources */ = {isa = PBXBuildFile; fileRef = F883D92D272C9B7C0076409D /* Tests_iOSLaunchTests.swift */; };
		F883D938272C9B7C0076409D /* Tests_macOS.swift in Sources */ = {isa = PBXBuildFile; fileRef = F883D937272C9B7C0076409D /* Tests_macOS.swift */; };
		F883D93A272C9B7C0076409D /* Tests_macOSLaunchTests.swift in Sources */ = {isa = PBXBuildFile; fileRef = F883D939272C9B7C0076409D /* Tests_macOSLaunchTests.swift */; };
		F883D93B272C9B7C0076409D /* PasswordValidatorApp.swift in Sources */ = {isa = PBXBuildFile; fileRef = F883D913272C9B7A0076409D /* PasswordValidatorApp.swift */; };
		F883D93C272C9B7C0076409D /* PasswordValidatorApp.swift in Sources */ = {isa = PBXBuildFile; fileRef = F883D913272C9B7A0076409D /* PasswordValidatorApp.swift */; };
		F883D93D272C9B7C0076409D /* ContentView.swift in Sources */ = {isa = PBXBuildFile; fileRef = F883D914272C9B7A0076409D /* ContentView.swift */; };
		F883D93E272C9B7C0076409D /* ContentView.swift in Sources */ = {isa = PBXBuildFile; fileRef = F883D914272C9B7A0076409D /* ContentView.swift */; };
		F883D93F272C9B7C0076409D /* Assets.xcassets in Resources */ = {isa = PBXBuildFile; fileRef = F883D915272C9B7B0076409D /* Assets.xcassets */; };
		F883D940272C9B7C0076409D /* Assets.xcassets in Resources */ = {isa = PBXBuildFile; fileRef = F883D915272C9B7B0076409D /* Assets.xcassets */; };
/* End PBXBuildFile section */

/* Begin PBXContainerItemProxy section */
		F883D928272C9B7C0076409D /* PBXContainerItemProxy */ = {
			isa = PBXContainerItemProxy;
			containerPortal = F883D90E272C9B790076409D /* Project object */;
			proxyType = 1;
			remoteGlobalIDString = F883D919272C9B7C0076409D;
			remoteInfo = "PasswordValidator (iOS)";
		};
		F883D934272C9B7C0076409D /* PBXContainerItemProxy */ = {
			isa = PBXContainerItemProxy;
			containerPortal = F883D90E272C9B790076409D /* Project object */;
			proxyType = 1;
			remoteGlobalIDString = F883D91F272C9B7C0076409D;
			remoteInfo = "PasswordValidator (macOS)";
		};
/* End PBXContainerItemProxy section */

/* Begin PBXFileReference section */
		F883D913272C9B7A0076409D /* PasswordValidatorApp.swift */ = {isa = PBXFileReference; lastKnownFileType = sourcecode.swift; path = PasswordValidatorApp.swift; sourceTree = "<group>"; };
		F883D914272C9B7A0076409D /* ContentView.swift */ = {isa = PBXFileReference; lastKnownFileType = sourcecode.swift; path = ContentView.swift; sourceTree = "<group>"; };
		F883D915272C9B7B0076409D /* Assets.xcassets */ = {isa = PBXFileReference; lastKnownFileType = folder.assetcatalog; path = Assets.xcassets; sourceTree = "<group>"; };
		F883D91A272C9B7C0076409D /* PasswordValidator.app */ = {isa = PBXFileReference; explicitFileType = wrapper.application; includeInIndex = 0; path = PasswordValidator.app; sourceTree = BUILT_PRODUCTS_DIR; };
		F883D920272C9B7C0076409D /* PasswordValidator.app */ = {isa = PBXFileReference; explicitFileType = wrapper.application; includeInIndex = 0; path = PasswordValidator.app; sourceTree = BUILT_PRODUCTS_DIR; };
		F883D922272C9B7C0076409D /* macOS.entitlements */ = {isa = PBXFileReference; lastKnownFileType = text.plist.entitlements; path = macOS.entitlements; sourceTree = "<group>"; };
		F883D927272C9B7C0076409D /* Tests iOS.xctest */ = {isa = PBXFileReference; explicitFileType = wrapper.cfbundle; includeInIndex = 0; path = "Tests iOS.xctest"; sourceTree = BUILT_PRODUCTS_DIR; };
		F883D92B272C9B7C0076409D /* Tests_iOS.swift */ = {isa = PBXFileReference; lastKnownFileType = sourcecode.swift; path = Tests_iOS.swift; sourceTree = "<group>"; };
		F883D92D272C9B7C0076409D /* Tests_iOSLaunchTests.swift */ = {isa = PBXFileReference; lastKnownFileType = sourcecode.swift; path = Tests_iOSLaunchTests.swift; sourceTree = "<group>"; };
		F883D933272C9B7C0076409D /* Tests macOS.xctest */ = {isa = PBXFileReference; explicitFileType = wrapper.cfbundle; includeInIndex = 0; path = "Tests macOS.xctest"; sourceTree = BUILT_PRODUCTS_DIR; };
		F883D937272C9B7C0076409D /* Tests_macOS.swift */ = {isa = PBXFileReference; lastKnownFileType = sourcecode.swift; path = Tests_macOS.swift; sourceTree = "<group>"; };
		F883D939272C9B7C0076409D /* Tests_macOSLaunchTests.swift */ = {isa = PBXFileReference; lastKnownFileType = sourcecode.swift; path = Tests_macOSLaunchTests.swift; sourceTree = "<group>"; };
/* End PBXFileReference section */

/* Begin PBXFrameworksBuildPhase section */
		F883D917272C9B7C0076409D /* Frameworks */ = {
			isa = PBXFrameworksBuildPhase;
			buildActionMask = 2147483647;
			files = (
			);
			runOnlyForDeploymentPostprocessing = 0;
		};
		F883D91D272C9B7C0076409D /* Frameworks */ = {
			isa = PBXFrameworksBuildPhase;
			buildActionMask = 2147483647;
			files = (
			);
			runOnlyForDeploymentPostprocessing = 0;
		};
		F883D924272C9B7C0076409D /* Frameworks */ = {
			isa = PBXFrameworksBuildPhase;
			buildActionMask = 2147483647;
			files = (
			);
			runOnlyForDeploymentPostprocessing = 0;
		};
		F883D930272C9B7C0076409D /* Frameworks */ = {
			isa = PBXFrameworksBuildPhase;
			buildActionMask = 2147483647;
			files = (
			);
			runOnlyForDeploymentPostprocessing = 0;
		};
/* End PBXFrameworksBuildPhase section */

/* Begin PBXGroup section */
		F883D90D272C9B790076409D = {
			isa = PBXGroup;
			children = (
				F883D912272C9B7A0076409D /* Shared */,
				F883D921272C9B7C0076409D /* macOS */,
				F883D92A272C9B7C0076409D /* Tests iOS */,
				F883D936272C9B7C0076409D /* Tests macOS */,
				F883D91B272C9B7C0076409D /* Products */,
			);
			sourceTree = "<group>";
		};
		F883D912272C9B7A0076409D /* Shared */ = {
			isa = PBXGroup;
			children = (
				F883D913272C9B7A0076409D /* PasswordValidatorApp.swift */,
				F883D914272C9B7A0076409D /* ContentView.swift */,
				F883D915272C9B7B0076409D /* Assets.xcassets */,
			);
			path = Shared;
			sourceTree = "<group>";
		};
		F883D91B272C9B7C0076409D /* Products */ = {
			isa = PBXGroup;
			children = (
				F883D91A272C9B7C0076409D /* PasswordValidator.app */,
				F883D920272C9B7C0076409D /* PasswordValidator.app */,
				F883D927272C9B7C0076409D /* Tests iOS.xctest */,
				F883D933272C9B7C0076409D /* Tests macOS.xctest */,
			);
			name = Products;
			sourceTree = "<group>";
		};
		F883D921272C9B7C0076409D /* macOS */ = {
			isa = PBXGroup;
			children = (
				F883D922272C9B7C0076409D /* macOS.entitlements */,
			);
			path = macOS;
			sourceTree = "<group>";
		};
		F883D92A272C9B7C0076409D /* Tests iOS */ = {
			isa = PBXGroup;
			children = (
				F883D92B272C9B7C0076409D /* Tests_iOS.swift */,
				F883D92D272C9B7C0076409D /* Tests_iOSLaunchTests.swift */,
			);
			path = "Tests iOS";
			sourceTree = "<group>";
		};
		F883D936272C9B7C0076409D /* Tests macOS */ = {
			isa = PBXGroup;
			children = (
				F883D937272C9B7C0076409D /* Tests_macOS.swift */,
				F883D939272C9B7C0076409D /* Tests_macOSLaunchTests.swift */,
			);
			path = "Tests macOS";
			sourceTree = "<group>";
		};
/* End PBXGroup section */

/* Begin PBXNativeTarget section */
		F883D919272C9B7C0076409D /* PasswordValidator (iOS) */ = {
			isa = PBXNativeTarget;
			buildConfigurationList = F883D943272C9B7C0076409D /* Build configuration list for PBXNativeTarget "PasswordValidator (iOS)" */;
			buildPhases = (
				F883D916272C9B7C0076409D /* Sources */,
				F883D917272C9B7C0076409D /* Frameworks */,
				F883D918272C9B7C0076409D /* Resources */,
			);
			buildRules = (
			);
			dependencies = (
			);
			name = "PasswordValidator (iOS)";
			productName = "PasswordValidator (iOS)";
			productReference = F883D91A272C9B7C0076409D /* PasswordValidator.app */;
			productType = "com.apple.product-type.application";
		};
		F883D91F272C9B7C0076409D /* PasswordValidator (macOS) */ = {
			isa = PBXNativeTarget;
			buildConfigurationList = F883D946272C9B7C0076409D /* Build configuration list for PBXNativeTarget "PasswordValidator (macOS)" */;
			buildPhases = (
				F883D91C272C9B7C0076409D /* Sources */,
				F883D91D272C9B7C0076409D /* Frameworks */,
				F883D91E272C9B7C0076409D /* Resources */,
			);
			buildRules = (
			);
			dependencies = (
			);
			name = "PasswordValidator (macOS)";
			productName = "PasswordValidator (macOS)";
			productReference = F883D920272C9B7C0076409D /* PasswordValidator.app */;
			productType = "com.apple.product-type.application";
		};
		F883D926272C9B7C0076409D /* Tests iOS */ = {
			isa = PBXNativeTarget;
			buildConfigurationList = F883D949272C9B7C0076409D /* Build configuration list for PBXNativeTarget "Tests iOS" */;
			buildPhases = (
				F883D923272C9B7C0076409D /* Sources */,
				F883D924272C9B7C0076409D /* Frameworks */,
				F883D925272C9B7C0076409D /* Resources */,
			);
			buildRules = (
			);
			dependencies = (
				F883D929272C9B7C0076409D /* PBXTargetDependency */,
			);
			name = "Tests iOS";
			productName = "Tests iOS";
			productReference = F883D927272C9B7C0076409D /* Tests iOS.xctest */;
			productType = "com.apple.product-type.bundle.ui-testing";
		};
		F883D932272C9B7C0076409D /* Tests macOS */ = {
			isa = PBXNativeTarget;
			buildConfigurationList = F883D94C272C9B7C0076409D /* Build configuration list for PBXNativeTarget "Tests macOS" */;
			buildPhases = (
				F883D92F272C9B7C0076409D /* Sources */,
				F883D930272C9B7C0076409D /* Frameworks */,
				F883D931272C9B7C0076409D /* Resources */,
			);
			buildRules = (
			);
			dependencies = (
				F883D935272C9B7C0076409D /* PBXTargetDependency */,
			);
			name = "Tests macOS";
			productName = "Tests macOS";
			productReference = F883D933272C9B7C0076409D /* Tests macOS.xctest */;
			productType = "com.apple.product-type.bundle.ui-testing";
		};
/* End PBXNativeTarget section */

/* Begin PBXProject section */
		F883D90E272C9B790076409D /* Project object */ = {
			isa = PBXProject;
			attributes = {
				BuildIndependentTargetsInParallel = 1;
				LastSwiftUpdateCheck = 1310;
				LastUpgradeCheck = 1310;
				TargetAttributes = {
					F883D919272C9B7C0076409D = {
						CreatedOnToolsVersion = 13.1;
					};
					F883D91F272C9B7C0076409D = {
						CreatedOnToolsVersion = 13.1;
					};
					F883D926272C9B7C0076409D = {
						CreatedOnToolsVersion = 13.1;
						TestTargetID = F883D919272C9B7C0076409D;
					};
					F883D932272C9B7C0076409D = {
						CreatedOnToolsVersion = 13.1;
						TestTargetID = F883D91F272C9B7C0076409D;
					};
				};
			};
			buildConfigurationList = F883D911272C9B790076409D /* Build configuration list for PBXProject "PasswordValidator" */;
			compatibilityVersion = "Xcode 13.0";
			developmentRegion = en;
			hasScannedForEncodings = 0;
			knownRegions = (
				en,
				Base,
			);
			mainGroup = F883D90D272C9B790076409D;
			productRefGroup = F883D91B272C9B7C0076409D /* Products */;
			projectDirPath = "";
			projectRoot = "";
			targets = (
				F883D919272C9B7C0076409D /* PasswordValidator (iOS) */,
				F883D91F272C9B7C0076409D /* PasswordValidator (macOS) */,
				F883D926272C9B7C0076409D /* Tests iOS */,
				F883D932272C9B7C0076409D /* Tests macOS */,
			);
		};
/* End PBXProject section */

/* Begin PBXResourcesBuildPhase section */
		F883D918272C9B7C0076409D /* Resources */ = {
			isa = PBXResourcesBuildPhase;
			buildActionMask = 2147483647;
			files = (
				F883D93F272C9B7C0076409D /* Assets.xcassets in Resources */,
			);
			runOnlyForDeploymentPostprocessing = 0;
		};
		F883D91E272C9B7C0076409D /* Resources */ = {
			isa = PBXResourcesBuildPhase;
			buildActionMask = 2147483647;
			files = (
				F883D940272C9B7C0076409D /* Assets.xcassets in Resources */,
			);
			runOnlyForDeploymentPostprocessing = 0;
		};
		F883D925272C9B7C0076409D /* Resources */ = {
			isa = PBXResourcesBuildPhase;
			buildActionMask = 2147483647;
			files = (
			);
			runOnlyForDeploymentPostprocessing = 0;
		};
		F883D931272C9B7C0076409D /* Resources */ = {
			isa = PBXResourcesBuildPhase;
			buildActionMask = 2147483647;
			files = (
			);
			runOnlyForDeploymentPostprocessing = 0;
		};
/* End PBXResourcesBuildPhase section */

/* Begin PBXSourcesBuildPhase section */
		F883D916272C9B7C0076409D /* Sources */ = {
			isa = PBXSourcesBuildPhase;
			buildActionMask = 2147483647;
			files = (
				F883D93D272C9B7C0076409D /* ContentView.swift in Sources */,
				F883D93B272C9B7C0076409D /* PasswordValidatorApp.swift in Sources */,
			);
			runOnlyForDeploymentPostprocessing = 0;
		};
		F883D91C272C9B7C0076409D /* Sources */ = {
			isa = PBXSourcesBuildPhase;
			buildActionMask = 2147483647;
			files = (
				F883D93E272C9B7C0076409D /* ContentView.swift in Sources */,
				F883D93C272C9B7C0076409D /* PasswordValidatorApp.swift in Sources */,
			);
			runOnlyForDeploymentPostprocessing = 0;
		};
		F883D923272C9B7C0076409D /* Sources */ = {
			isa = PBXSourcesBuildPhase;
			buildActionMask = 2147483647;
			files = (
				F883D92E272C9B7C0076409D /* Tests_iOSLaunchTests.swift in Sources */,
				F883D92C272C9B7C0076409D /* Tests_iOS.swift in Sources */,
			);
			runOnlyForDeploymentPostprocessing = 0;
		};
		F883D92F272C9B7C0076409D /* Sources */ = {
			isa = PBXSourcesBuildPhase;
			buildActionMask = 2147483647;
			files = (
				F883D93A272C9B7C0076409D /* Tests_macOSLaunchTests.swift in Sources */,
				F883D938272C9B7C0076409D /* Tests_macOS.swift in Sources */,
			);
			runOnlyForDeploymentPostprocessing = 0;
		};
/* End PBXSourcesBuildPhase section */

/* Begin PBXTargetDependency section */
		F883D929272C9B7C0076409D /* PBXTargetDependency */ = {
			isa = PBXTargetDependency;
			target = F883D919272C9B7C0076409D /* PasswordValidator (iOS) */;
			targetProxy = F883D928272C9B7C0076409D /* PBXContainerItemProxy */;
		};
		F883D935272C9B7C0076409D /* PBXTargetDependency */ = {
			isa = PBXTargetDependency;
			target = F883D91F272C9B7C0076409D /* PasswordValidator (macOS) */;
			targetProxy = F883D934272C9B7C0076409D /* PBXContainerItemProxy */;
		};
/* End PBXTargetDependency section */

/* Begin XCBuildConfiguration section */
		F883D941272C9B7C0076409D /* Debug */ = {
			isa = XCBuildConfiguration;
			buildSettings = {
				ALWAYS_SEARCH_USER_PATHS = NO;
				CLANG_ANALYZER_NONNULL = YES;
				CLANG_ANALYZER_NUMBER_OBJECT_CONVERSION = YES_AGGRESSIVE;
				CLANG_CXX_LANGUAGE_STANDARD = "gnu++17";
				CLANG_CXX_LIBRARY = "libc++";
				CLANG_ENABLE_MODULES = YES;
				CLANG_ENABLE_OBJC_ARC = YES;
				CLANG_ENABLE_OBJC_WEAK = YES;
				CLANG_WARN_BLOCK_CAPTURE_AUTORELEASING = YES;
				CLANG_WARN_BOOL_CONVERSION = YES;
				CLANG_WARN_COMMA = YES;
				CLANG_WARN_CONSTANT_CONVERSION = YES;
				CLANG_WARN_DEPRECATED_OBJC_IMPLEMENTATIONS = YES;
				CLANG_WARN_DIRECT_OBJC_ISA_USAGE = YES_ERROR;
				CLANG_WARN_DOCUMENTATION_COMMENTS = YES;
				CLANG_WARN_EMPTY_BODY = YES;
				CLANG_WARN_ENUM_CONVERSION = YES;
				CLANG_WARN_INFINITE_RECURSION = YES;
				CLANG_WARN_INT_CONVERSION = YES;
				CLANG_WARN_NON_LITERAL_NULL_CONVERSION = YES;
				CLANG_WARN_OBJC_IMPLICIT_RETAIN_SELF = YES;
				CLANG_WARN_OBJC_LITERAL_CONVERSION = YES;
				CLANG_WARN_OBJC_ROOT_CLASS = YES_ERROR;
				CLANG_WARN_QUOTED_INCLUDE_IN_FRAMEWORK_HEADER = YES;
				CLANG_WARN_RANGE_LOOP_ANALYSIS = YES;
				CLANG_WARN_STRICT_PROTOTYPES = YES;
				CLANG_WARN_SUSPICIOUS_MOVE = YES;
				CLANG_WARN_UNGUARDED_AVAILABILITY = YES_AGGRESSIVE;
				CLANG_WARN_UNREACHABLE_CODE = YES;
				CLANG_WARN__DUPLICATE_METHOD_MATCH = YES;
				COPY_PHASE_STRIP = NO;
				DEBUG_INFORMATION_FORMAT = dwarf;
				ENABLE_STRICT_OBJC_MSGSEND = YES;
				ENABLE_TESTABILITY = YES;
				GCC_C_LANGUAGE_STANDARD = gnu11;
				GCC_DYNAMIC_NO_PIC = NO;
				GCC_NO_COMMON_BLOCKS = YES;
				GCC_OPTIMIZATION_LEVEL = 0;
				GCC_PREPROCESSOR_DEFINITIONS = (
					"DEBUG=1",
					"$(inherited)",
				);
				GCC_WARN_64_TO_32_BIT_CONVERSION = YES;
				GCC_WARN_ABOUT_RETURN_TYPE = YES_ERROR;
				GCC_WARN_UNDECLARED_SELECTOR = YES;
				GCC_WARN_UNINITIALIZED_AUTOS = YES_AGGRESSIVE;
				GCC_WARN_UNUSED_FUNCTION = YES;
				GCC_WARN_UNUSED_VARIABLE = YES;
				MTL_ENABLE_DEBUG_INFO = INCLUDE_SOURCE;
				MTL_FAST_MATH = YES;
				ONLY_ACTIVE_ARCH = YES;
				SWIFT_ACTIVE_COMPILATION_CONDITIONS = DEBUG;
				SWIFT_OPTIMIZATION_LEVEL = "-Onone";
			};
			name = Debug;
		};
		F883D942272C9B7C0076409D /* Release */ = {
			isa = XCBuildConfiguration;
			buildSettings = {
				ALWAYS_SEARCH_USER_PATHS = NO;
				CLANG_ANALYZER_NONNULL = YES;
				CLANG_ANALYZER_NUMBER_OBJECT_CONVERSION = YES_AGGRESSIVE;
				CLANG_CXX_LANGUAGE_STANDARD = "gnu++17";
				CLANG_CXX_LIBRARY = "libc++";
				CLANG_ENABLE_MODULES = YES;
				CLANG_ENABLE_OBJC_ARC = YES;
				CLANG_ENABLE_OBJC_WEAK = YES;
				CLANG_WARN_BLOCK_CAPTURE_AUTORELEASING = YES;
				CLANG_WARN_BOOL_CONVERSION = YES;
				CLANG_WARN_COMMA = YES;
				CLANG_WARN_CONSTANT_CONVERSION = YES;
				CLANG_WARN_DEPRECATED_OBJC_IMPLEMENTATIONS = YES;
				CLANG_WARN_DIRECT_OBJC_ISA_USAGE = YES_ERROR;
				CLANG_WARN_DOCUMENTATION_COMMENTS = YES;
				CLANG_WARN_EMPTY_BODY = YES;
				CLANG_WARN_ENUM_CONVERSION = YES;
				CLANG_WARN_INFINITE_RECURSION = YES;
				CLANG_WARN_INT_CONVERSION = YES;
				CLANG_WARN_NON_LITERAL_NULL_CONVERSION = YES;
				CLANG_WARN_OBJC_IMPLICIT_RETAIN_SELF = YES;
				CLANG_WARN_OBJC_LITERAL_CONVERSION = YES;
				CLANG_WARN_OBJC_ROOT_CLASS = YES_ERROR;
				CLANG_WARN_QUOTED_INCLUDE_IN_FRAMEWORK_HEADER = YES;
				CLANG_WARN_RANGE_LOOP_ANALYSIS = YES;
				CLANG_WARN_STRICT_PROTOTYPES = YES;
				CLANG_WARN_SUSPICIOUS_MOVE = YES;
				CLANG_WARN_UNGUARDED_AVAILABILITY = YES_AGGRESSIVE;
				CLANG_WARN_UNREACHABLE_CODE = YES;
				CLANG_WARN__DUPLICATE_METHOD_MATCH = YES;
				COPY_PHASE_STRIP = NO;
				DEBUG_INFORMATION_FORMAT = "dwarf-with-dsym";
				ENABLE_NS_ASSERTIONS = NO;
				ENABLE_STRICT_OBJC_MSGSEND = YES;
				GCC_C_LANGUAGE_STANDARD = gnu11;
				GCC_NO_COMMON_BLOCKS = YES;
				GCC_WARN_64_TO_32_BIT_CONVERSION = YES;
				GCC_WARN_ABOUT_RETURN_TYPE = YES_ERROR;
				GCC_WARN_UNDECLARED_SELECTOR = YES;
				GCC_WARN_UNINITIALIZED_AUTOS = YES_AGGRESSIVE;
				GCC_WARN_UNUSED_FUNCTION = YES;
				GCC_WARN_UNUSED_VARIABLE = YES;
				MTL_ENABLE_DEBUG_INFO = NO;
				MTL_FAST_MATH = YES;
				SWIFT_COMPILATION_MODE = wholemodule;
				SWIFT_OPTIMIZATION_LEVEL = "-O";
			};
			name = Release;
		};
		F883D944272C9B7C0076409D /* Debug */ = {
			isa = XCBuildConfiguration;
			buildSettings = {
				ASSETCATALOG_COMPILER_APPICON_NAME = AppIcon;
				ASSETCATALOG_COMPILER_GLOBAL_ACCENT_COLOR_NAME = AccentColor;
				CODE_SIGN_STYLE = Automatic;
				CURRENT_PROJECT_VERSION = 1;
				ENABLE_PREVIEWS = YES;
				GENERATE_INFOPLIST_FILE = YES;
				INFOPLIST_KEY_UIApplicationSceneManifest_Generation = YES;
				INFOPLIST_KEY_UIApplicationSupportsIndirectInputEvents = YES;
				INFOPLIST_KEY_UILaunchScreen_Generation = YES;
				INFOPLIST_KEY_UISupportedInterfaceOrientations_iPad = "UIInterfaceOrientationPortrait UIInterfaceOrientationPortraitUpsideDown UIInterfaceOrientationLandscapeLeft UIInterfaceOrientationLandscapeRight";
				INFOPLIST_KEY_UISupportedInterfaceOrientations_iPhone = "UIInterfaceOrientationPortrait UIInterfaceOrientationLandscapeLeft UIInterfaceOrientationLandscapeRight";
				IPHONEOS_DEPLOYMENT_TARGET = 15.0;
				LD_RUNPATH_SEARCH_PATHS = (
					"$(inherited)",
					"@executable_path/Frameworks",
				);
				MARKETING_VERSION = 1.0;
				PRODUCT_BUNDLE_IDENTIFIER = com.mrthiago.PasswordValidator;
				PRODUCT_NAME = PasswordValidator;
				SDKROOT = iphoneos;
				SWIFT_EMIT_LOC_STRINGS = YES;
				SWIFT_VERSION = 5.0;
				TARGETED_DEVICE_FAMILY = "1,2";
			};
			name = Debug;
		};
		F883D945272C9B7C0076409D /* Release */ = {
			isa = XCBuildConfiguration;
			buildSettings = {
				ASSETCATALOG_COMPILER_APPICON_NAME = AppIcon;
				ASSETCATALOG_COMPILER_GLOBAL_ACCENT_COLOR_NAME = AccentColor;
				CODE_SIGN_STYLE = Automatic;
				CURRENT_PROJECT_VERSION = 1;
				ENABLE_PREVIEWS = YES;
				GENERATE_INFOPLIST_FILE = YES;
				INFOPLIST_KEY_UIApplicationSceneManifest_Generation = YES;
				INFOPLIST_KEY_UIApplicationSupportsIndirectInputEvents = YES;
				INFOPLIST_KEY_UILaunchScreen_Generation = YES;
				INFOPLIST_KEY_UISupportedInterfaceOrientations_iPad = "UIInterfaceOrientationPortrait UIInterfaceOrientationPortraitUpsideDown UIInterfaceOrientationLandscapeLeft UIInterfaceOrientationLandscapeRight";
				INFOPLIST_KEY_UISupportedInterfaceOrientations_iPhone = "UIInterfaceOrientationPortrait UIInterfaceOrientationLandscapeLeft UIInterfaceOrientationLandscapeRight";
				IPHONEOS_DEPLOYMENT_TARGET = 15.0;
				LD_RUNPATH_SEARCH_PATHS = (
					"$(inherited)",
					"@executable_path/Frameworks",
				);
				MARKETING_VERSION = 1.0;
				PRODUCT_BUNDLE_IDENTIFIER = com.mrthiago.PasswordValidator;
				PRODUCT_NAME = PasswordValidator;
				SDKROOT = iphoneos;
				SWIFT_EMIT_LOC_STRINGS = YES;
				SWIFT_VERSION = 5.0;
				TARGETED_DEVICE_FAMILY = "1,2";
				VALIDATE_PRODUCT = YES;
			};
			name = Release;
		};
		F883D947272C9B7C0076409D /* Debug */ = {
			isa = XCBuildConfiguration;
			buildSettings = {
				ASSETCATALOG_COMPILER_APPICON_NAME = AppIcon;
				ASSETCATALOG_COMPILER_GLOBAL_ACCENT_COLOR_NAME = AccentColor;
				CODE_SIGN_ENTITLEMENTS = macOS/macOS.entitlements;
				CODE_SIGN_STYLE = Automatic;
				COMBINE_HIDPI_IMAGES = YES;
				CURRENT_PROJECT_VERSION = 1;
				ENABLE_PREVIEWS = YES;
				GENERATE_INFOPLIST_FILE = YES;
				INFOPLIST_KEY_NSHumanReadableCopyright = "";
				LD_RUNPATH_SEARCH_PATHS = (
					"$(inherited)",
					"@executable_path/../Frameworks",
				);
				MACOSX_DEPLOYMENT_TARGET = 11.6;
				MARKETING_VERSION = 1.0;
				PRODUCT_BUNDLE_IDENTIFIER = com.mrthiago.PasswordValidator;
				PRODUCT_NAME = PasswordValidator;
				SDKROOT = macosx;
				SWIFT_EMIT_LOC_STRINGS = YES;
				SWIFT_VERSION = 5.0;
			};
			name = Debug;
		};
		F883D948272C9B7C0076409D /* Release */ = {
			isa = XCBuildConfiguration;
			buildSettings = {
				ASSETCATALOG_COMPILER_APPICON_NAME = AppIcon;
				ASSETCATALOG_COMPILER_GLOBAL_ACCENT_COLOR_NAME = AccentColor;
				CODE_SIGN_ENTITLEMENTS = macOS/macOS.entitlements;
				CODE_SIGN_STYLE = Automatic;
				COMBINE_HIDPI_IMAGES = YES;
				CURRENT_PROJECT_VERSION = 1;
				ENABLE_PREVIEWS = YES;
				GENERATE_INFOPLIST_FILE = YES;
				INFOPLIST_KEY_NSHumanReadableCopyright = "";
				LD_RUNPATH_SEARCH_PATHS = (
					"$(inherited)",
					"@executable_path/../Frameworks",
				);
				MACOSX_DEPLOYMENT_TARGET = 11.6;
				MARKETING_VERSION = 1.0;
				PRODUCT_BUNDLE_IDENTIFIER = com.mrthiago.PasswordValidator;
				PRODUCT_NAME = PasswordValidator;
				SDKROOT = macosx;
				SWIFT_EMIT_LOC_STRINGS = YES;
				SWIFT_VERSION = 5.0;
			};
			name = Release;
		};
		F883D94A272C9B7C0076409D /* Debug */ = {
			isa = XCBuildConfiguration;
			buildSettings = {
				ALWAYS_EMBED_SWIFT_STANDARD_LIBRARIES = YES;
				CODE_SIGN_STYLE = Automatic;
				CURRENT_PROJECT_VERSION = 1;
				GENERATE_INFOPLIST_FILE = YES;
				IPHONEOS_DEPLOYMENT_TARGET = 15.0;
				LD_RUNPATH_SEARCH_PATHS = (
					"$(inherited)",
					"@executable_path/Frameworks",
					"@loader_path/Frameworks",
				);
				MARKETING_VERSION = 1.0;
				PRODUCT_BUNDLE_IDENTIFIER = "com.mrthiago.Tests-iOS";
				PRODUCT_NAME = "$(TARGET_NAME)";
				SDKROOT = iphoneos;
				SWIFT_EMIT_LOC_STRINGS = NO;
				SWIFT_VERSION = 5.0;
				TARGETED_DEVICE_FAMILY = "1,2";
				TEST_TARGET_NAME = "PasswordValidator (iOS)";
			};
			name = Debug;
		};
		F883D94B272C9B7C0076409D /* Release */ = {
			isa = XCBuildConfiguration;
			buildSettings = {
				ALWAYS_EMBED_SWIFT_STANDARD_LIBRARIES = YES;
				CODE_SIGN_STYLE = Automatic;
				CURRENT_PROJECT_VERSION = 1;
				GENERATE_INFOPLIST_FILE = YES;
				IPHONEOS_DEPLOYMENT_TARGET = 15.0;
				LD_RUNPATH_SEARCH_PATHS = (
					"$(inherited)",
					"@executable_path/Frameworks",
					"@loader_path/Frameworks",
				);
				MARKETING_VERSION = 1.0;
				PRODUCT_BUNDLE_IDENTIFIER = "com.mrthiago.Tests-iOS";
				PRODUCT_NAME = "$(TARGET_NAME)";
				SDKROOT = iphoneos;
				SWIFT_EMIT_LOC_STRINGS = NO;
				SWIFT_VERSION = 5.0;
				TARGETED_DEVICE_FAMILY = "1,2";
				TEST_TARGET_NAME = "PasswordValidator (iOS)";
				VALIDATE_PRODUCT = YES;
			};
			name = Release;
		};
		F883D94D272C9B7C0076409D /* Debug */ = {
			isa = XCBuildConfiguration;
			buildSettings = {
				ALWAYS_EMBED_SWIFT_STANDARD_LIBRARIES = YES;
				CODE_SIGN_STYLE = Automatic;
				COMBINE_HIDPI_IMAGES = YES;
				CURRENT_PROJECT_VERSION = 1;
				GENERATE_INFOPLIST_FILE = YES;
				LD_RUNPATH_SEARCH_PATHS = (
					"$(inherited)",
					"@executable_path/../Frameworks",
					"@loader_path/../Frameworks",
				);
				MACOSX_DEPLOYMENT_TARGET = 11.6;
				MARKETING_VERSION = 1.0;
				PRODUCT_BUNDLE_IDENTIFIER = "com.mrthiago.Tests-macOS";
				PRODUCT_NAME = "$(TARGET_NAME)";
				SDKROOT = macosx;
				SWIFT_EMIT_LOC_STRINGS = NO;
				SWIFT_VERSION = 5.0;
				TEST_TARGET_NAME = "PasswordValidator (macOS)";
			};
			name = Debug;
		};
		F883D94E272C9B7C0076409D /* Release */ = {
			isa = XCBuildConfiguration;
			buildSettings = {
				ALWAYS_EMBED_SWIFT_STANDARD_LIBRARIES = YES;
				CODE_SIGN_STYLE = Automatic;
				COMBINE_HIDPI_IMAGES = YES;
				CURRENT_PROJECT_VERSION = 1;
				GENERATE_INFOPLIST_FILE = YES;
				LD_RUNPATH_SEARCH_PATHS = (
					"$(inherited)",
					"@executable_path/../Frameworks",
					"@loader_path/../Frameworks",
				);
				MACOSX_DEPLOYMENT_TARGET = 11.6;
				MARKETING_VERSION = 1.0;
				PRODUCT_BUNDLE_IDENTIFIER = "com.mrthiago.Tests-macOS";
				PRODUCT_NAME = "$(TARGET_NAME)";
				SDKROOT = macosx;
				SWIFT_EMIT_LOC_STRINGS = NO;
				SWIFT_VERSION = 5.0;
				TEST_TARGET_NAME = "PasswordValidator (macOS)";
			};
			name = Release;
		};
/* End XCBuildConfiguration section */

/* Begin XCConfigurationList section */
		F883D911272C9B790076409D /* Build configuration list for PBXProject "PasswordValidator" */ = {
			isa = XCConfigurationList;
			buildConfigurations = (
				F883D941272C9B7C0076409D /* Debug */,
				F883D942272C9B7C0076409D /* Release */,
			);
			defaultConfigurationIsVisible = 0;
			defaultConfigurationName = Release;
		};
		F883D943272C9B7C0076409D /* Build configuration list for PBXNativeTarget "PasswordValidator (iOS)" */ = {
			isa = XCConfigurationList;
			buildConfigurations = (
				F883D944272C9B7C0076409D /* Debug */,
				F883D945272C9B7C0076409D /* Release */,
			);
			defaultConfigurationIsVisible = 0;
			defaultConfigurationName = Release;
		};
		F883D946272C9B7C0076409D /* Build configuration list for PBXNativeTarget "PasswordValidator (macOS)" */ = {
			isa = XCConfigurationList;
			buildConfigurations = (
				F883D947272C9B7C0076409D /* Debug */,
				F883D948272C9B7C0076409D /* Release */,
			);
			defaultConfigurationIsVisible = 0;
			defaultConfigurationName = Release;
		};
		F883D949272C9B7C0076409D /* Build configuration list for PBXNativeTarget "Tests iOS" */ = {
			isa = XCConfigurationList;
			buildConfigurations = (
				F883D94A272C9B7C0076409D /* Debug */,
				F883D94B272C9B7C0076409D /* Release */,
			);
			defaultConfigurationIsVisible = 0;
			defaultConfigurationName = Release;
		};
		F883D94C272C9B7C0076409D /* Build configuration list for PBXNativeTarget "Tests macOS" */ = {
			isa = XCConfigurationList;
			buildConfigurations = (
				F883D94D272C9B7C0076409D /* Debug */,
				F883D94E272C9B7C0076409D /* Release */,
			);
			defaultConfigurationIsVisible = 0;
			defaultConfigurationName = Release;
		};
/* End XCConfigurationList section */
	};
	rootObject = F883D90E272C9B790076409D /* Project object */;
}
